
Microsoft Visual Studio Solution File, Format Version 12.00
# Visual Studio 15
VisualStudioVersion = 15.0.27703.2035
MinimumVisualStudioVersion = 10.0.40219.1
Project("{9A19103F-16F7-4668-BE54-9A1E7A4F7556}") = "StudentLoanSimulator", "StudentLoanSimulator\StudentLoanSimulator.csproj", "{DF681DE6-043F-4290-B1F3-2299A73E834F}"
EndProject
Project("{FAE04EC0-301F-11D3-BF4B-00C04F79EFBC}") = "StudentLoanSimulatorTests", "StudentLoanSimulatorTests\StudentLoanSimulatorTests.csproj", "{426E8E81-113F-49AB-BCB7-13F30B330DF3}"
EndProject
Project("{FAE04EC0-301F-11D3-BF4B-00C04F79EFBC}") = "StudentLoanSimulatorCLI", "StudentLoanSimulatorCLI\StudentLoanSimulatorCLI.csproj", "{3ECD8F81-ED3C-49CF-AA2A-58EBA84B5B51}"
EndProject
Global
	GlobalSection(SolutionConfigurationPlatforms) = preSolution
		Debug|Any CPU = Debug|Any CPU
		Release|Any CPU = Release|Any CPU
	EndGlobalSection
	GlobalSection(ProjectConfigurationPlatforms) = postSolution
		{DF681DE6-043F-4290-B1F3-2299A73E834F}.Debug|Any CPU.ActiveCfg = Debug|Any CPU
		{DF681DE6-043F-4290-B1F3-2299A73E834F}.Debug|Any CPU.Build.0 = Debug|Any CPU
		{DF681DE6-043F-4290-B1F3-2299A73E834F}.Release|Any CPU.ActiveCfg = Release|Any CPU
		{DF681DE6-043F-4290-B1F3-2299A73E834F}.Release|Any CPU.Build.0 = Release|Any CPU
		{426E8E81-113F-49AB-BCB7-13F30B330DF3}.Debug|Any CPU.ActiveCfg = Debug|Any CPU
		{426E8E81-113F-49AB-BCB7-13F30B330DF3}.Debug|Any CPU.Build.0 = Debug|Any CPU
		{426E8E81-113F-49AB-BCB7-13F30B330DF3}.Release|Any CPU.ActiveCfg = Release|Any CPU
		{426E8E81-113F-49AB-BCB7-13F30B330DF3}.Release|Any CPU.Build.0 = Release|Any CPU
		{3ECD8F81-ED3C-49CF-AA2A-58EBA84B5B51}.Debug|Any CPU.ActiveCfg = Debug|Any CPU
		{3ECD8F81-ED3C-49CF-AA2A-58EBA84B5B51}.Debug|Any CPU.Build.0 = Debug|Any CPU
		{3ECD8F81-ED3C-49CF-AA2A-58EBA84B5B51}.Release|Any CPU.ActiveCfg = Release|Any CPU
		{3ECD8F81-ED3C-49CF-AA2A-58EBA84B5B51}.Release|Any CPU.Build.0 = Release|Any CPU
	EndGlobalSection
	GlobalSection(SolutionProperties) = preSolution
		HideSolutionNode = FALSE
	EndGlobalSection
	GlobalSection(ExtensibilityGlobals) = postSolution
		SolutionGuid = {40CB2993-5359-4CD1-BD50-D18ED5F64F4E}
	EndGlobalSection
EndGlobal
